github.com/gorilla/mux v1.8.0 h1:i40aqfkR1h2SlN9hojwV5ZA91wcXFOvkdNIeFDP5koI=
github.com/gorilla/mux v1.8.0/go.mod h1:DVbg23sWSpFRCP0SfiEN6jmj59UnW/n46BH5rLB71So=
github.com/jarcoal/httpmock v1.0.8 h1:8kI16SoO6LQKgPE7PvQuV+YuD/inwHd7fOOe2zMbo4k=
github.com/jarcoal/httpmock v1.0.8/go.mod h1:ATjnClrvW/3tijVmpL/va5Z3aAyGvqU3gCT8nX0Txik=
